
Microsoft Visual Studio Solution File, Format Version 12.00
# Visual Studio 14
VisualStudioVersion = 14.0.25420.1
MinimumVisualStudioVersion = 10.0.40219.1
Project("{AE78B512-649F-E225-4A7E-BAD6ACB73B94}") = "CWE83_XSS_Attribute", "CWE83_XSS_Attribute.csproj", "{8FF6B3AC-C30A-8A34-50CA-5FAC8B241DC5}"
EndProject
Project("{AE78B512-649F-E225-4A7E-BAD6ACB73B94}") = "TestCaseSupport", "..\..\TestCaseSupport\TestCaseSupport\TestCaseSupport.csproj", "{4CDBAE35-8CD1-4A0F-8912-B79D0BB43B83}"
EndProject
Global
	GlobalSection(SolutionConfigurationPlatforms) = preSolution
		Debug|Any CPU = Debug|Any CPU
		Release|Any CPU = Release|Any CPU
	EndGlobalSection
	GlobalSection(ProjectConfigurationPlatforms) = postSolution
		{8FF6B3AC-C30A-8A34-50CA-5FAC8B241DC5}.Debug|Any CPU.ActiveCfg = Debug|Any CPU
		{8FF6B3AC-C30A-8A34-50CA-5FAC8B241DC5}.Debug|Any CPU.Build.0 = Debug|Any CPU
		{8FF6B3AC-C30A-8A34-50CA-5FAC8B241DC5}.Release|Any CPU.ActiveCfg = Release|Any CPU
		{8FF6B3AC-C30A-8A34-50CA-5FAC8B241DC5}.Release|Any CPU.Build.0 = Release|Any CPU
		{4CDBAE35-8CD1-4A0F-8912-B79D0BB43B83}.Debug|Any CPU.ActiveCfg = Debug|Any CPU
		{4CDBAE35-8CD1-4A0F-8912-B79D0BB43B83}.Debug|Any CPU.Build.0 = Debug|Any CPU
		{4CDBAE35-8CD1-4A0F-8912-B79D0BB43B83}.Release|Any CPU.ActiveCfg = Release|Any CPU
		{4CDBAE35-8CD1-4A0F-8912-B79D0BB43B83}.Release|Any CPU.Build.0 = Release|Any CPU
	EndGlobalSection
	GlobalSection(SolutionProperties) = preSolution
		HideSolutionNode = FALSE
	EndGlobalSection
EndGlobal
